
Microsoft Visual Studio Solution File, Format Version 12.00
# Visual Studio Version 17
VisualStudioVersion = 17.14.36511.14 d17.14
MinimumVisualStudioVersion = 10.0.40219.1
Project("{FAE04EC0-301F-11D3-BF4B-00C04F79EFBC}") = "Bai06", "Bai06\Bai06.csproj", "{6200B845-9681-4FB7-974C-ED8811DF5296}"
EndProject
Global
	GlobalSection(SolutionConfigurationPlatforms) = preSolution
		Debug|Any CPU = Debug|Any CPU
		Release|Any CPU = Release|Any CPU
	EndGlobalSection
	GlobalSection(ProjectConfigurationPlatforms) = postSolution
		{6200B845-9681-4FB7-974C-ED8811DF5296}.Debug|Any CPU.ActiveCfg = Debug|Any CPU
		{6200B845-9681-4FB7-974C-ED8811DF5296}.Debug|Any CPU.Build.0 = Debug|Any CPU
		{6200B845-9681-4FB7-974C-ED8811DF5296}.Release|Any CPU.ActiveCfg = Release|Any CPU
		{6200B845-9681-4FB7-974C-ED8811DF5296}.Release|Any CPU.Build.0 = Release|Any CPU
	EndGlobalSection
	GlobalSection(SolutionProperties) = preSolution
		HideSolutionNode = FALSE
	EndGlobalSection
	GlobalSection(ExtensibilityGlobals) = postSolution
		SolutionGuid = {035F114D-0834-419F-9A01-0003FDDC731B}
	EndGlobalSection
EndGlobal
